// !$*UTF8*$!
{
	archiveVersion = 1;
	classes = {
	};
	objectVersion = 56;
	objects = {

/* Begin PBXBuildFile section */
		27E66F412BB97E1F004CFD71 /* AppDelegate.swift in Sources */ = {isa = PBXBuildFile; fileRef = 27E66F402BB97E1F004CFD71 /* AppDelegate.swift */; };
		27E66F432BB97E1F004CFD71 /* SceneDelegate.swift in Sources */ = {isa = PBXBuildFile; fileRef = 27E66F422BB97E1F004CFD71 /* SceneDelegate.swift */; };
		27E66F4A2BB97E20004CFD71 /* Assets.xcassets in Resources */ = {isa = PBXBuildFile; fileRef = 27E66F492BB97E20004CFD71 /* Assets.xcassets */; };
		27E66F4D2BB97E20004CFD71 /* LaunchScreen.storyboard in Resources */ = {isa = PBXBuildFile; fileRef = 27E66F4B2BB97E20004CFD71 /* LaunchScreen.storyboard */; };
		27E66F582BB97E20004CFD71 /* github_uikitTests.swift in Sources */ = {isa = PBXBuildFile; fileRef = 27E66F572BB97E20004CFD71 /* github_uikitTests.swift */; };
		27E66F622BB97E20004CFD71 /* github_uikitUITests.swift in Sources */ = {isa = PBXBuildFile; fileRef = 27E66F612BB97E20004CFD71 /* github_uikitUITests.swift */; };
		27E66F642BB97E20004CFD71 /* github_uikitUITestsLaunchTests.swift in Sources */ = {isa = PBXBuildFile; fileRef = 27E66F632BB97E20004CFD71 /* github_uikitUITestsLaunchTests.swift */; };
		27E66F712BB987F6004CFD71 /* SeachVC.swift in Sources */ = {isa = PBXBuildFile; fileRef = 27E66F702BB987F6004CFD71 /* SeachVC.swift */; };
		27E66F732BB98824004CFD71 /* FavoritesVC.swift in Sources */ = {isa = PBXBuildFile; fileRef = 27E66F722BB98824004CFD71 /* FavoritesVC.swift */; };
/* End PBXBuildFile section */

/* Begin PBXContainerItemProxy section */
		27E66F542BB97E20004CFD71 /* PBXContainerItemProxy */ = {
			isa = PBXContainerItemProxy;
			containerPortal = 27E66F352BB97E1F004CFD71 /* Project object */;
			proxyType = 1;
			remoteGlobalIDString = 27E66F3C2BB97E1F004CFD71;
			remoteInfo = github_uikit;
		};
		27E66F5E2BB97E20004CFD71 /* PBXContainerItemProxy */ = {
			isa = PBXContainerItemProxy;
			containerPortal = 27E66F352BB97E1F004CFD71 /* Project object */;
			proxyType = 1;
			remoteGlobalIDString = 27E66F3C2BB97E1F004CFD71;
			remoteInfo = github_uikit;
		};
/* End PBXContainerItemProxy section */

/* Begin PBXFileReference section */
		27E66F3D2BB97E1F004CFD71 /* github_uikit.app */ = {isa = PBXFileReference; explicitFileType = wrapper.application; includeInIndex = 0; path = github_uikit.app; sourceTree = BUILT_PRODUCTS_DIR; };
		27E66F402BB97E1F004CFD71 /* AppDelegate.swift */ = {isa = PBXFileReference; lastKnownFileType = sourcecode.swift; path = AppDelegate.swift; sourceTree = "<group>"; };
		27E66F422BB97E1F004CFD71 /* SceneDelegate.swift */ = {isa = PBXFileReference; lastKnownFileType = sourcecode.swift; path = SceneDelegate.swift; sourceTree = "<group>"; };
		27E66F492BB97E20004CFD71 /* Assets.xcassets */ = {isa = PBXFileReference; lastKnownFileType = folder.assetcatalog; path = Assets.xcassets; sourceTree = "<group>"; };
		27E66F4C2BB97E20004CFD71 /* Base */ = {isa = PBXFileReference; lastKnownFileType = file.storyboard; name = Base; path = Base.lproj/LaunchScreen.storyboard; sourceTree = "<group>"; };
		27E66F4E2BB97E20004CFD71 /* Info.plist */ = {isa = PBXFileReference; lastKnownFileType = text.plist.xml; path = Info.plist; sourceTree = "<group>"; };
		27E66F532BB97E20004CFD71 /* github_uikitTests.xctest */ = {isa = PBXFileReference; explicitFileType = wrapper.cfbundle; includeInIndex = 0; path = github_uikitTests.xctest; sourceTree = BUILT_PRODUCTS_DIR; };
		27E66F572BB97E20004CFD71 /* github_uikitTests.swift */ = {isa = PBXFileReference; lastKnownFileType = sourcecode.swift; path = github_uikitTests.swift; sourceTree = "<group>"; };
		27E66F5D2BB97E20004CFD71 /* github_uikitUITests.xctest */ = {isa = PBXFileReference; explicitFileType = wrapper.cfbundle; includeInIndex = 0; path = github_uikitUITests.xctest; sourceTree = BUILT_PRODUCTS_DIR; };
		27E66F612BB97E20004CFD71 /* github_uikitUITests.swift */ = {isa = PBXFileReference; lastKnownFileType = sourcecode.swift; path = github_uikitUITests.swift; sourceTree = "<group>"; };
		27E66F632BB97E20004CFD71 /* github_uikitUITestsLaunchTests.swift */ = {isa = PBXFileReference; lastKnownFileType = sourcecode.swift; path = github_uikitUITestsLaunchTests.swift; sourceTree = "<group>"; };
		27E66F702BB987F6004CFD71 /* SeachVC.swift */ = {isa = PBXFileReference; lastKnownFileType = sourcecode.swift; path = SeachVC.swift; sourceTree = "<group>"; };
		27E66F722BB98824004CFD71 /* FavoritesVC.swift */ = {isa = PBXFileReference; lastKnownFileType = sourcecode.swift; path = FavoritesVC.swift; sourceTree = "<group>"; };
/* End PBXFileReference section */

/* Begin PBXFrameworksBuildPhase section */
		27E66F3A2BB97E1F004CFD71 /* Frameworks */ = {
			isa = PBXFrameworksBuildPhase;
			buildActionMask = 2147483647;
			files = (
			);
			runOnlyForDeploymentPostprocessing = 0;
		};
		27E66F502BB97E20004CFD71 /* Frameworks */ = {
			isa = PBXFrameworksBuildPhase;
			buildActionMask = 2147483647;
			files = (
			);
			runOnlyForDeploymentPostprocessing = 0;
		};
		27E66F5A2BB97E20004CFD71 /* Frameworks */ = {
			isa = PBXFrameworksBuildPhase;
			buildActionMask = 2147483647;
			files = (
			);
			runOnlyForDeploymentPostprocessing = 0;
		};
/* End PBXFrameworksBuildPhase section */

/* Begin PBXGroup section */
		27E66F342BB97E1F004CFD71 = {
			isa = PBXGroup;
			children = (
				27E66F3F2BB97E1F004CFD71 /* github_uikit */,
				27E66F562BB97E20004CFD71 /* github_uikitTests */,
				27E66F602BB97E20004CFD71 /* github_uikitUITests */,
				27E66F3E2BB97E1F004CFD71 /* Products */,
			);
			sourceTree = "<group>";
		};
		27E66F3E2BB97E1F004CFD71 /* Products */ = {
			isa = PBXGroup;
			children = (
				27E66F3D2BB97E1F004CFD71 /* github_uikit.app */,
				27E66F532BB97E20004CFD71 /* github_uikitTests.xctest */,
				27E66F5D2BB97E20004CFD71 /* github_uikitUITests.xctest */,
			);
			name = Products;
			sourceTree = "<group>";
		};
		27E66F3F2BB97E1F004CFD71 /* github_uikit */ = {
			isa = PBXGroup;
			children = (
				27E66F402BB97E1F004CFD71 /* AppDelegate.swift */,
				27E66F422BB97E1F004CFD71 /* SceneDelegate.swift */,
				27E66F492BB97E20004CFD71 /* Assets.xcassets */,
				27E66F4B2BB97E20004CFD71 /* LaunchScreen.storyboard */,
				27E66F4E2BB97E20004CFD71 /* Info.plist */,
				27E66F702BB987F6004CFD71 /* SeachVC.swift */,
				27E66F722BB98824004CFD71 /* FavoritesVC.swift */,
			);
			path = github_uikit;
			sourceTree = "<group>";
		};
		27E66F562BB97E20004CFD71 /* github_uikitTests */ = {
			isa = PBXGroup;
			children = (
				27E66F572BB97E20004CFD71 /* github_uikitTests.swift */,
			);
			path = github_uikitTests;
			sourceTree = "<group>";
		};
		27E66F602BB97E20004CFD71 /* github_uikitUITests */ = {
			isa = PBXGroup;
			children = (
				27E66F612BB97E20004CFD71 /* github_uikitUITests.swift */,
				27E66F632BB97E20004CFD71 /* github_uikitUITestsLaunchTests.swift */,
			);
			path = github_uikitUITests;
			sourceTree = "<group>";
		};
/* End PBXGroup section */

/* Begin PBXNativeTarget section */
		27E66F3C2BB97E1F004CFD71 /* github_uikit */ = {
			isa = PBXNativeTarget;
			buildConfigurationList = 27E66F672BB97E20004CFD71 /* Build configuration list for PBXNativeTarget "github_uikit" */;
			buildPhases = (
				27E66F392BB97E1F004CFD71 /* Sources */,
				27E66F3A2BB97E1F004CFD71 /* Frameworks */,
				27E66F3B2BB97E1F004CFD71 /* Resources */,
			);
			buildRules = (
			);
			dependencies = (
			);
			name = github_uikit;
			productName = github_uikit;
			productReference = 27E66F3D2BB97E1F004CFD71 /* github_uikit.app */;
			productType = "com.apple.product-type.application";
		};
		27E66F522BB97E20004CFD71 /* github_uikitTests */ = {
			isa = PBXNativeTarget;
			buildConfigurationList = 27E66F6A2BB97E20004CFD71 /* Build configuration list for PBXNativeTarget "github_uikitTests" */;
			buildPhases = (
				27E66F4F2BB97E20004CFD71 /* Sources */,
				27E66F502BB97E20004CFD71 /* Frameworks */,
				27E66F512BB97E20004CFD71 /* Resources */,
			);
			buildRules = (
			);
			dependencies = (
				27E66F552BB97E20004CFD71 /* PBXTargetDependency */,
			);
			name = github_uikitTests;
			productName = github_uikitTests;
			productReference = 27E66F532BB97E20004CFD71 /* github_uikitTests.xctest */;
			productType = "com.apple.product-type.bundle.unit-test";
		};
		27E66F5C2BB97E20004CFD71 /* github_uikitUITests */ = {
			isa = PBXNativeTarget;
			buildConfigurationList = 27E66F6D2BB97E20004CFD71 /* Build configuration list for PBXNativeTarget "github_uikitUITests" */;
			buildPhases = (
				27E66F592BB97E20004CFD71 /* Sources */,
				27E66F5A2BB97E20004CFD71 /* Frameworks */,
				27E66F5B2BB97E20004CFD71 /* Resources */,
			);
			buildRules = (
			);
			dependencies = (
				27E66F5F2BB97E20004CFD71 /* PBXTargetDependency */,
			);
			name = github_uikitUITests;
			productName = github_uikitUITests;
			productReference = 27E66F5D2BB97E20004CFD71 /* github_uikitUITests.xctest */;
			productType = "com.apple.product-type.bundle.ui-testing";
		};
/* End PBXNativeTarget section */

/* Begin PBXProject section */
		27E66F352BB97E1F004CFD71 /* Project object */ = {
			isa = PBXProject;
			attributes = {
				BuildIndependentTargetsInParallel = 1;
				LastSwiftUpdateCheck = 1520;
				LastUpgradeCheck = 1520;
				TargetAttributes = {
					27E66F3C2BB97E1F004CFD71 = {
						CreatedOnToolsVersion = 15.2;
					};
					27E66F522BB97E20004CFD71 = {
						CreatedOnToolsVersion = 15.2;
						TestTargetID = 27E66F3C2BB97E1F004CFD71;
					};
					27E66F5C2BB97E20004CFD71 = {
						CreatedOnToolsVersion = 15.2;
						TestTargetID = 27E66F3C2BB97E1F004CFD71;
					};
				};
			};
			buildConfigurationList = 27E66F382BB97E1F004CFD71 /* Build configuration list for PBXProject "github_uikit" */;
			compatibilityVersion = "Xcode 14.0";
			developmentRegion = en;
			hasScannedForEncodings = 0;
			knownRegions = (
				en,
				Base,
			);
			mainGroup = 27E66F342BB97E1F004CFD71;
			productRefGroup = 27E66F3E2BB97E1F004CFD71 /* Products */;
			projectDirPath = "";
			projectRoot = "";
			targets = (
				27E66F3C2BB97E1F004CFD71 /* github_uikit */,
				27E66F522BB97E20004CFD71 /* github_uikitTests */,
				27E66F5C2BB97E20004CFD71 /* github_uikitUITests */,
			);
		};
/* End PBXProject section */

/* Begin PBXResourcesBuildPhase section */
		27E66F3B2BB97E1F004CFD71 /* Resources */ = {
			isa = PBXResourcesBuildPhase;
			buildActionMask = 2147483647;
			files = (
				27E66F4D2BB97E20004CFD71 /* LaunchScreen.storyboard in Resources */,
				27E66F4A2BB97E20004CFD71 /* Assets.xcassets in Resources */,
			);
			runOnlyForDeploymentPostprocessing = 0;
		};
		27E66F512BB97E20004CFD71 /* Resources */ = {
			isa = PBXResourcesBuildPhase;
			buildActionMask = 2147483647;
			files = (
			);
			runOnlyForDeploymentPostprocessing = 0;
		};
		27E66F5B2BB97E20004CFD71 /* Resources */ = {
			isa = PBXResourcesBuildPhase;
			buildActionMask = 2147483647;
			files = (
			);
			runOnlyForDeploymentPostprocessing = 0;
		};
/* End PBXResourcesBuildPhase section */

/* Begin PBXSourcesBuildPhase section */
		27E66F392BB97E1F004CFD71 /* Sources */ = {
			isa = PBXSourcesBuildPhase;
			buildActionMask = 2147483647;
			files = (
				27E66F732BB98824004CFD71 /* FavoritesVC.swift in Sources */,
				27E66F712BB987F6004CFD71 /* SeachVC.swift in Sources */,
				27E66F412BB97E1F004CFD71 /* AppDelegate.swift in Sources */,
				27E66F432BB97E1F004CFD71 /* SceneDelegate.swift in Sources */,
			);
			runOnlyForDeploymentPostprocessing = 0;
		};
		27E66F4F2BB97E20004CFD71 /* Sources */ = {
			isa = PBXSourcesBuildPhase;
			buildActionMask = 2147483647;
			files = (
				27E66F582BB97E20004CFD71 /* github_uikitTests.swift in Sources */,
			);
			runOnlyForDeploymentPostprocessing = 0;
		};
		27E66F592BB97E20004CFD71 /* Sources */ = {
			isa = PBXSourcesBuildPhase;
			buildActionMask = 2147483647;
			files = (
				27E66F642BB97E20004CFD71 /* github_uikitUITestsLaunchTests.swift in Sources */,
				27E66F622BB97E20004CFD71 /* github_uikitUITests.swift in Sources */,
			);
			runOnlyForDeploymentPostprocessing = 0;
		};
/* End PBXSourcesBuildPhase section */

/* Begin PBXTargetDependency section */
		27E66F552BB97E20004CFD71 /* PBXTargetDependency */ = {
			isa = PBXTargetDependency;
			target = 27E66F3C2BB97E1F004CFD71 /* github_uikit */;
			targetProxy = 27E66F542BB97E20004CFD71 /* PBXContainerItemProxy */;
		};
		27E66F5F2BB97E20004CFD71 /* PBXTargetDependency */ = {
			isa = PBXTargetDependency;
			target = 27E66F3C2BB97E1F004CFD71 /* github_uikit */;
			targetProxy = 27E66F5E2BB97E20004CFD71 /* PBXContainerItemProxy */;
		};
/* End PBXTargetDependency section */

/* Begin PBXVariantGroup section */
		27E66F4B2BB97E20004CFD71 /* LaunchScreen.storyboard */ = {
			isa = PBXVariantGroup;
			children = (
				27E66F4C2BB97E20004CFD71 /* Base */,
			);
			name = LaunchScreen.storyboard;
			sourceTree = "<group>";
		};
/* End PBXVariantGroup section */

/* Begin XCBuildConfiguration section */
		27E66F652BB97E20004CFD71 /* Debug */ = {
			isa = XCBuildConfiguration;
			buildSettings = {
				ALWAYS_SEARCH_USER_PATHS = NO;
				ASSETCATALOG_COMPILER_GENERATE_SWIFT_ASSET_SYMBOL_EXTENSIONS = YES;
				CLANG_ANALYZER_NONNULL = YES;
				CLANG_ANALYZER_NUMBER_OBJECT_CONVERSION = YES_AGGRESSIVE;
				CLANG_CXX_LANGUAGE_STANDARD = "gnu++20";
				CLANG_ENABLE_MODULES = YES;
				CLANG_ENABLE_OBJC_ARC = YES;
				CLANG_ENABLE_OBJC_WEAK = YES;
				CLANG_WARN_BLOCK_CAPTURE_AUTORELEASING = YES;
				CLANG_WARN_BOOL_CONVERSION = YES;
				CLANG_WARN_COMMA = YES;
				CLANG_WARN_CONSTANT_CONVERSION = YES;
				CLANG_WARN_DEPRECATED_OBJC_IMPLEMENTATIONS = YES;
				CLANG_WARN_DIRECT_OBJC_ISA_USAGE = YES_ERROR;
				CLANG_WARN_DOCUMENTATION_COMMENTS = YES;
				CLANG_WARN_EMPTY_BODY = YES;
				CLANG_WARN_ENUM_CONVERSION = YES;
				CLANG_WARN_INFINITE_RECURSION = YES;
				CLANG_WARN_INT_CONVERSION = YES;
				CLANG_WARN_NON_LITERAL_NULL_CONVERSION = YES;
				CLANG_WARN_OBJC_IMPLICIT_RETAIN_SELF = YES;
				CLANG_WARN_OBJC_LITERAL_CONVERSION = YES;
				CLANG_WARN_OBJC_ROOT_CLASS = YES_ERROR;
				CLANG_WARN_QUOTED_INCLUDE_IN_FRAMEWORK_HEADER = YES;
				CLANG_WARN_RANGE_LOOP_ANALYSIS = YES;
				CLANG_WARN_STRICT_PROTOTYPES = YES;
				CLANG_WARN_SUSPICIOUS_MOVE = YES;
				CLANG_WARN_UNGUARDED_AVAILABILITY = YES_AGGRESSIVE;
				CLANG_WARN_UNREACHABLE_CODE = YES;
				CLANG_WARN__DUPLICATE_METHOD_MATCH = YES;
				COPY_PHASE_STRIP = NO;
				DEBUG_INFORMATION_FORMAT = dwarf;
				ENABLE_STRICT_OBJC_MSGSEND = YES;
				ENABLE_TESTABILITY = YES;
				ENABLE_USER_SCRIPT_SANDBOXING = YES;
				GCC_C_LANGUAGE_STANDARD = gnu17;
				GCC_DYNAMIC_NO_PIC = NO;
				GCC_NO_COMMON_BLOCKS = YES;
				GCC_OPTIMIZATION_LEVEL = 0;
				GCC_PREPROCESSOR_DEFINITIONS = (
					"DEBUG=1",
					"$(inherited)",
				);
				GCC_WARN_64_TO_32_BIT_CONVERSION = YES;
				GCC_WARN_ABOUT_RETURN_TYPE = YES_ERROR;
				GCC_WARN_UNDECLARED_SELECTOR = YES;
				GCC_WARN_UNINITIALIZED_AUTOS = YES_AGGRESSIVE;
				GCC_WARN_UNUSED_FUNCTION = YES;
				GCC_WARN_UNUSED_VARIABLE = YES;
				IPHONEOS_DEPLOYMENT_TARGET = 17.2;
				LOCALIZATION_PREFERS_STRING_CATALOGS = YES;
				MTL_ENABLE_DEBUG_INFO = INCLUDE_SOURCE;
				MTL_FAST_MATH = YES;
				ONLY_ACTIVE_ARCH = YES;
				SDKROOT = iphoneos;
				SWIFT_ACTIVE_COMPILATION_CONDITIONS = "DEBUG $(inherited)";
				SWIFT_OPTIMIZATION_LEVEL = "-Onone";
			};
			name = Debug;
		};
		27E66F662BB97E20004CFD71 /* Release */ = {
			isa = XCBuildConfiguration;
			buildSettings = {
				ALWAYS_SEARCH_USER_PATHS = NO;
				ASSETCATALOG_COMPILER_GENERATE_SWIFT_ASSET_SYMBOL_EXTENSIONS = YES;
				CLANG_ANALYZER_NONNULL = YES;
				CLANG_ANALYZER_NUMBER_OBJECT_CONVERSION = YES_AGGRESSIVE;
				CLANG_CXX_LANGUAGE_STANDARD = "gnu++20";
				CLANG_ENABLE_MODULES = YES;
				CLANG_ENABLE_OBJC_ARC = YES;
				CLANG_ENABLE_OBJC_WEAK = YES;
				CLANG_WARN_BLOCK_CAPTURE_AUTORELEASING = YES;
				CLANG_WARN_BOOL_CONVERSION = YES;
				CLANG_WARN_COMMA = YES;
				CLANG_WARN_CONSTANT_CONVERSION = YES;
				CLANG_WARN_DEPRECATED_OBJC_IMPLEMENTATIONS = YES;
				CLANG_WARN_DIRECT_OBJC_ISA_USAGE = YES_ERROR;
				CLANG_WARN_DOCUMENTATION_COMMENTS = YES;
				CLANG_WARN_EMPTY_BODY = YES;
				CLANG_WARN_ENUM_CONVERSION = YES;
				CLANG_WARN_INFINITE_RECURSION = YES;
				CLANG_WARN_INT_CONVERSION = YES;
				CLANG_WARN_NON_LITERAL_NULL_CONVERSION = YES;
				CLANG_WARN_OBJC_IMPLICIT_RETAIN_SELF = YES;
				CLANG_WARN_OBJC_LITERAL_CONVERSION = YES;
				CLANG_WARN_OBJC_ROOT_CLASS = YES_ERROR;
				CLANG_WARN_QUOTED_INCLUDE_IN_FRAMEWORK_HEADER = YES;
				CLANG_WARN_RANGE_LOOP_ANALYSIS = YES;
				CLANG_WARN_STRICT_PROTOTYPES = YES;
				CLANG_WARN_SUSPICIOUS_MOVE = YES;
				CLANG_WARN_UNGUARDED_AVAILABILITY = YES_AGGRESSIVE;
				CLANG_WARN_UNREACHABLE_CODE = YES;
				CLANG_WARN__DUPLICATE_METHOD_MATCH = YES;
				COPY_PHASE_STRIP = NO;
				DEBUG_INFORMATION_FORMAT = "dwarf-with-dsym";
				ENABLE_NS_ASSERTIONS = NO;
				ENABLE_STRICT_OBJC_MSGSEND = YES;
				ENABLE_USER_SCRIPT_SANDBOXING = YES;
				GCC_C_LANGUAGE_STANDARD = gnu17;
				GCC_NO_COMMON_BLOCKS = YES;
				GCC_WARN_64_TO_32_BIT_CONVERSION = YES;
				GCC_WARN_ABOUT_RETURN_TYPE = YES_ERROR;
				GCC_WARN_UNDECLARED_SELECTOR = YES;
				GCC_WARN_UNINITIALIZED_AUTOS = YES_AGGRESSIVE;
				GCC_WARN_UNUSED_FUNCTION = YES;
				GCC_WARN_UNUSED_VARIABLE = YES;
				IPHONEOS_DEPLOYMENT_TARGET = 17.2;
				LOCALIZATION_PREFERS_STRING_CATALOGS = YES;
				MTL_ENABLE_DEBUG_INFO = NO;
				MTL_FAST_MATH = YES;
				SDKROOT = iphoneos;
				SWIFT_COMPILATION_MODE = wholemodule;
				VALIDATE_PRODUCT = YES;
			};
			name = Release;
		};
		27E66F682BB97E20004CFD71 /* Debug */ = {
			isa = XCBuildConfiguration;
			buildSettings = {
				ASSETCATALOG_COMPILER_APPICON_NAME = AppIcon;
				ASSETCATALOG_COMPILER_GLOBAL_ACCENT_COLOR_NAME = AccentColor;
				CODE_SIGN_STYLE = Automatic;
				CURRENT_PROJECT_VERSION = 1;
				DEVELOPMENT_TEAM = 7FT672456U;
				GENERATE_INFOPLIST_FILE = YES;
				INFOPLIST_FILE = github_uikit/Info.plist;
				INFOPLIST_KEY_UIApplicationSupportsIndirectInputEvents = YES;
				INFOPLIST_KEY_UILaunchStoryboardName = LaunchScreen;
				INFOPLIST_KEY_UISupportedInterfaceOrientations = UIInterfaceOrientationPortrait;
				LD_RUNPATH_SEARCH_PATHS = (
					"$(inherited)",
					"@executable_path/Frameworks",
				);
				MARKETING_VERSION = 1.0;
				PRODUCT_BUNDLE_IDENTIFIER = "com.venn.github-uikit";
				PRODUCT_NAME = "$(TARGET_NAME)";
				SWIFT_EMIT_LOC_STRINGS = YES;
				SWIFT_VERSION = 5.0;
				TARGETED_DEVICE_FAMILY = "1,2";
			};
			name = Debug;
		};
		27E66F692BB97E20004CFD71 /* Release */ = {
			isa = XCBuildConfiguration;
			buildSettings = {
				ASSETCATALOG_COMPILER_APPICON_NAME = AppIcon;
				ASSETCATALOG_COMPILER_GLOBAL_ACCENT_COLOR_NAME = AccentColor;
				CODE_SIGN_STYLE = Automatic;
				CURRENT_PROJECT_VERSION = 1;
				DEVELOPMENT_TEAM = 7FT672456U;
				GENERATE_INFOPLIST_FILE = YES;
				INFOPLIST_FILE = github_uikit/Info.plist;
				INFOPLIST_KEY_UIApplicationSupportsIndirectInputEvents = YES;
				INFOPLIST_KEY_UILaunchStoryboardName = LaunchScreen;
				INFOPLIST_KEY_UISupportedInterfaceOrientations = UIInterfaceOrientationPortrait;
				LD_RUNPATH_SEARCH_PATHS = (
					"$(inherited)",
					"@executable_path/Frameworks",
				);
				MARKETING_VERSION = 1.0;
				PRODUCT_BUNDLE_IDENTIFIER = "com.venn.github-uikit";
				PRODUCT_NAME = "$(TARGET_NAME)";
				SWIFT_EMIT_LOC_STRINGS = YES;
				SWIFT_VERSION = 5.0;
				TARGETED_DEVICE_FAMILY = "1,2";
			};
			name = Release;
		};
		27E66F6B2BB97E20004CFD71 /* Debug */ = {
			isa = XCBuildConfiguration;
			buildSettings = {
				ALWAYS_EMBED_SWIFT_STANDARD_LIBRARIES = YES;
				BUNDLE_LOADER = "$(TEST_HOST)";
				CODE_SIGN_STYLE = Automatic;
				CURRENT_PROJECT_VERSION = 1;
				DEVELOPMENT_TEAM = 7FT672456U;
				GENERATE_INFOPLIST_FILE = YES;
				IPHONEOS_DEPLOYMENT_TARGET = 17.2;
				MARKETING_VERSION = 1.0;
				PRODUCT_BUNDLE_IDENTIFIER = "com.venn.github-uikitTests";
				PRODUCT_NAME = "$(TARGET_NAME)";
				SWIFT_EMIT_LOC_STRINGS = NO;
				SWIFT_VERSION = 5.0;
				TARGETED_DEVICE_FAMILY = "1,2";
				TEST_HOST = "$(BUILT_PRODUCTS_DIR)/github_uikit.app/$(BUNDLE_EXECUTABLE_FOLDER_PATH)/github_uikit";
			};
			name = Debug;
		};
		27E66F6C2BB97E20004CFD71 /* Release */ = {
			isa = XCBuildConfiguration;
			buildSettings = {
				ALWAYS_EMBED_SWIFT_STANDARD_LIBRARIES = YES;
				BUNDLE_LOADER = "$(TEST_HOST)";
				CODE_SIGN_STYLE = Automatic;
				CURRENT_PROJECT_VERSION = 1;
				DEVELOPMENT_TEAM = 7FT672456U;
				GENERATE_INFOPLIST_FILE = YES;
				IPHONEOS_DEPLOYMENT_TARGET = 17.2;
				MARKETING_VERSION = 1.0;
				PRODUCT_BUNDLE_IDENTIFIER = "com.venn.github-uikitTests";
				PRODUCT_NAME = "$(TARGET_NAME)";
				SWIFT_EMIT_LOC_STRINGS = NO;
				SWIFT_VERSION = 5.0;
				TARGETED_DEVICE_FAMILY = "1,2";
				TEST_HOST = "$(BUILT_PRODUCTS_DIR)/github_uikit.app/$(BUNDLE_EXECUTABLE_FOLDER_PATH)/github_uikit";
			};
			name = Release;
		};
		27E66F6E2BB97E20004CFD71 /* Debug */ = {
			isa = XCBuildConfiguration;
			buildSettings = {
				ALWAYS_EMBED_SWIFT_STANDARD_LIBRARIES = YES;
				CODE_SIGN_STYLE = Automatic;
				CURRENT_PROJECT_VERSION = 1;
				DEVELOPMENT_TEAM = 7FT672456U;
				GENERATE_INFOPLIST_FILE = YES;
				MARKETING_VERSION = 1.0;
				PRODUCT_BUNDLE_IDENTIFIER = "com.venn.github-uikitUITests";
				PRODUCT_NAME = "$(TARGET_NAME)";
				SWIFT_EMIT_LOC_STRINGS = NO;
				SWIFT_VERSION = 5.0;
				TARGETED_DEVICE_FAMILY = "1,2";
				TEST_TARGET_NAME = github_uikit;
			};
			name = Debug;
		};
		27E66F6F2BB97E20004CFD71 /* Release */ = {
			isa = XCBuildConfiguration;
			buildSettings = {
				ALWAYS_EMBED_SWIFT_STANDARD_LIBRARIES = YES;
				CODE_SIGN_STYLE = Automatic;
				CURRENT_PROJECT_VERSION = 1;
				DEVELOPMENT_TEAM = 7FT672456U;
				GENERATE_INFOPLIST_FILE = YES;
				MARKETING_VERSION = 1.0;
				PRODUCT_BUNDLE_IDENTIFIER = "com.venn.github-uikitUITests";
				PRODUCT_NAME = "$(TARGET_NAME)";
				SWIFT_EMIT_LOC_STRINGS = NO;
				SWIFT_VERSION = 5.0;
				TARGETED_DEVICE_FAMILY = "1,2";
				TEST_TARGET_NAME = github_uikit;
			};
			name = Release;
		};
/* End XCBuildConfiguration section */

/* Begin XCConfigurationList section */
		27E66F382BB97E1F004CFD71 /* Build configuration list for PBXProject "github_uikit" */ = {
			isa = XCConfigurationList;
			buildConfigurations = (
				27E66F652BB97E20004CFD71 /* Debug */,
				27E66F662BB97E20004CFD71 /* Release */,
			);
			defaultConfigurationIsVisible = 0;
			defaultConfigurationName = Release;
		};
		27E66F672BB97E20004CFD71 /* Build configuration list for PBXNativeTarget "github_uikit" */ = {
			isa = XCConfigurationList;
			buildConfigurations = (
				27E66F682BB97E20004CFD71 /* Debug */,
				27E66F692BB97E20004CFD71 /* Release */,
			);
			defaultConfigurationIsVisible = 0;
			defaultConfigurationName = Release;
		};
		27E66F6A2BB97E20004CFD71 /* Build configuration list for PBXNativeTarget "github_uikitTests" */ = {
			isa = XCConfigurationList;
			buildConfigurations = (
				27E66F6B2BB97E20004CFD71 /* Debug */,
				27E66F6C2BB97E20004CFD71 /* Release */,
			);
			defaultConfigurationIsVisible = 0;
			defaultConfigurationName = Release;
		};
		27E66F6D2BB97E20004CFD71 /* Build configuration list for PBXNativeTarget "github_uikitUITests" */ = {
			isa = XCConfigurationList;
			buildConfigurations = (
				27E66F6E2BB97E20004CFD71 /* Debug */,
				27E66F6F2BB97E20004CFD71 /* Release */,
			);
			defaultConfigurationIsVisible = 0;
			defaultConfigurationName = Release;
		};
/* End XCConfigurationList section */
	};
	rootObject = 27E66F352BB97E1F004CFD71 /* Project object */;
}
